
Microsoft Visual Studio Solution File, Format Version 12.00
# Visual Studio Version 17
VisualStudioVersion = 17.14.37012.4
MinimumVisualStudioVersion = 10.0.40219.1
Project("{FAE04EC0-301F-11D3-BF4B-00C04F79EFBC}") = "Polyinh", "Polyinh\Polyinh.csproj", "{44141650-15FA-4160-87D5-5E2BD8F9C7B1}"
EndProject
Project("{FAE04EC0-301F-11D3-BF4B-00C04F79EFBC}") = "Shapes", "Shapes\Shapes.csproj", "{341F7997-4D87-4B23-BF93-673715414BE9}"
EndProject
Project("{FAE04EC0-301F-11D3-BF4B-00C04F79EFBC}") = "Pokemon", "Pokemon\Pokemon.csproj", "{5998C895-FDE1-475C-9058-59B6C7438802}"
EndProject
Global
	GlobalSection(SolutionConfigurationPlatforms) = preSolution
		Debug|Any CPU = Debug|Any CPU
		Release|Any CPU = Release|Any CPU
	EndGlobalSection
	GlobalSection(ProjectConfigurationPlatforms) = postSolution
		{44141650-15FA-4160-87D5-5E2BD8F9C7B1}.Debug|Any CPU.ActiveCfg = Debug|Any CPU
		{44141650-15FA-4160-87D5-5E2BD8F9C7B1}.Debug|Any CPU.Build.0 = Debug|Any CPU
		{44141650-15FA-4160-87D5-5E2BD8F9C7B1}.Release|Any CPU.ActiveCfg = Release|Any CPU
		{44141650-15FA-4160-87D5-5E2BD8F9C7B1}.Release|Any CPU.Build.0 = Release|Any CPU
		{341F7997-4D87-4B23-BF93-673715414BE9}.Debug|Any CPU.ActiveCfg = Debug|Any CPU
		{341F7997-4D87-4B23-BF93-673715414BE9}.Debug|Any CPU.Build.0 = Debug|Any CPU
		{341F7997-4D87-4B23-BF93-673715414BE9}.Release|Any CPU.ActiveCfg = Release|Any CPU
		{341F7997-4D87-4B23-BF93-673715414BE9}.Release|Any CPU.Build.0 = Release|Any CPU
		{5998C895-FDE1-475C-9058-59B6C7438802}.Debug|Any CPU.ActiveCfg = Debug|Any CPU
		{5998C895-FDE1-475C-9058-59B6C7438802}.Debug|Any CPU.Build.0 = Debug|Any CPU
		{5998C895-FDE1-475C-9058-59B6C7438802}.Release|Any CPU.ActiveCfg = Release|Any CPU
		{5998C895-FDE1-475C-9058-59B6C7438802}.Release|Any CPU.Build.0 = Release|Any CPU
	EndGlobalSection
	GlobalSection(SolutionProperties) = preSolution
		HideSolutionNode = FALSE
	EndGlobalSection
	GlobalSection(ExtensibilityGlobals) = postSolution
		SolutionGuid = {AAC01613-0638-4D0C-B389-D55671D85713}
	EndGlobalSection
EndGlobal
